// !$*UTF8*$!
{
	archiveVersion = 1;
	classes = {
	};
	objectVersion = 48;
	objects = {

/* Begin PBXGroup section */
		055B90F7207BCA8A00B4838E = {
			isa = PBXGroup;
			children = (
			);
			sourceTree = "<group>";
		};
/* End PBXGroup section */

/* Begin PBXProject section */
		055B90F8207BCA8A00B4838E /* Project object */ = {
			isa = PBXProject;
			attributes = {
				LastUpgradeCheck = 0920;
			};
			buildConfigurationList = 055B90FB207BCA8A00B4838E /* Build configuration list for PBXProject "iosDemo" */;
			compatibilityVersion = "Xcode 8.0";
			developmentRegion = en;
			hasScannedForEncodings = 0;
			knownRegions = (
				en,
			);
			mainGroup = 055B90F7207BCA8A00B4838E;
			projectDirPath = "";
			projectRoot = "";
			targets = (
			);
		};
/* End PBXProject section */

/* Begin XCBuildConfiguration section */
		055B90FC207BCA8A00B4838E /* Debug */ = {
			isa = XCBuildConfiguration;
			buildSettings = {
			};
			name = Debug;
		};
		055B90FD207BCA8A00B4838E /* Release */ = {
			isa = XCBuildConfiguration;
			buildSettings = {
			};
			name = Release;
		};
/* End XCBuildConfiguration section */

/* Begin XCConfigurationList section */
		055B90FB207BCA8A00B4838E /* Build configuration list for PBXProject "iosDemo" */ = {
			isa = XCConfigurationList;
			buildConfigurations = (
				055B90FC207BCA8A00B4838E /* Debug */,
				055B90FD207BCA8A00B4838E /* Release */,
			);
			defaultConfigurationIsVisible = 0;
			defaultConfigurationName = Release;
		};
/* End XCConfigurationList section */
	};
	rootObject = 055B90F8207BCA8A00B4838E /* Project object */;
}
